// !$*UTF8*$!
{
	archiveVersion = 1;
	classes = {
	};
	objectVersion = 46;
	objects = {

/* Begin PBXBuildFile section */
		F3BAD4441D87A994000E62FC /* AppDelegate.swift in Sources */ = {isa = PBXBuildFile; fileRef = F3BAD4431D87A994000E62FC /* AppDelegate.swift */; };
		F3BAD4461D87A994000E62FC /* ViewController.swift in Sources */ = {isa = PBXBuildFile; fileRef = F3BAD4451D87A994000E62FC /* ViewController.swift */; };
		F3BAD4491D87A994000E62FC /* Main.storyboard in Resources */ = {isa = PBXBuildFile; fileRef = F3BAD4471D87A994000E62FC /* Main.storyboard */; };
		F3BAD44B1D87A994000E62FC /* Assets.xcassets in Resources */ = {isa = PBXBuildFile; fileRef = F3BAD44A1D87A994000E62FC /* Assets.xcassets */; };
		F3BAD44E1D87A994000E62FC /* LaunchScreen.storyboard in Resources */ = {isa = PBXBuildFile; fileRef = F3BAD44C1D87A994000E62FC /* LaunchScreen.storyboard */; };
		F3BAD4BD1D880032000E62FC /* InfinitePageScroll.framework in Frameworks */ = {isa = PBXBuildFile; fileRef = F3BAD4B61D88000F000E62FC /* InfinitePageScroll.framework */; };
		F3BAD4BE1D880032000E62FC /* InfinitePageScroll.framework in Embed Frameworks */ = {isa = PBXBuildFile; fileRef = F3BAD4B61D88000F000E62FC /* InfinitePageScroll.framework */; settings = {ATTRIBUTES = (CodeSignOnCopy, RemoveHeadersOnCopy, ); }; };
/* End PBXBuildFile section */

/* Begin PBXCopyFilesBuildPhase section */
		F3BAD4BC1D88001A000E62FC /* Embed Frameworks */ = {
			isa = PBXCopyFilesBuildPhase;
			buildActionMask = 2147483647;
			dstPath = "";
			dstSubfolderSpec = 10;
			files = (
				F3BAD4BE1D880032000E62FC /* InfinitePageScroll.framework in Embed Frameworks */,
			);
			name = "Embed Frameworks";
			runOnlyForDeploymentPostprocessing = 0;
		};
/* End PBXCopyFilesBuildPhase section */

/* Begin PBXFileReference section */
		F3BAD4401D87A994000E62FC /* InfinitePageScrollExample.app */ = {isa = PBXFileReference; explicitFileType = wrapper.application; includeInIndex = 0; path = InfinitePageScrollExample.app; sourceTree = BUILT_PRODUCTS_DIR; };
		F3BAD4431D87A994000E62FC /* AppDelegate.swift */ = {isa = PBXFileReference; lastKnownFileType = sourcecode.swift; path = AppDelegate.swift; sourceTree = "<group>"; };
		F3BAD4451D87A994000E62FC /* ViewController.swift */ = {isa = PBXFileReference; lastKnownFileType = sourcecode.swift; path = ViewController.swift; sourceTree = "<group>"; };
		F3BAD4481D87A994000E62FC /* Base */ = {isa = PBXFileReference; lastKnownFileType = file.storyboard; name = Base; path = Base.lproj/Main.storyboard; sourceTree = "<group>"; };
		F3BAD44A1D87A994000E62FC /* Assets.xcassets */ = {isa = PBXFileReference; lastKnownFileType = folder.assetcatalog; path = Assets.xcassets; sourceTree = "<group>"; };
		F3BAD44D1D87A994000E62FC /* Base */ = {isa = PBXFileReference; lastKnownFileType = file.storyboard; name = Base; path = Base.lproj/LaunchScreen.storyboard; sourceTree = "<group>"; };
		F3BAD44F1D87A994000E62FC /* Info.plist */ = {isa = PBXFileReference; lastKnownFileType = text.plist.xml; path = Info.plist; sourceTree = "<group>"; };
		F3BAD4811D87BECD000E62FC /* InfinitePageScroll.framework */ = {isa = PBXFileReference; lastKnownFileType = wrapper.framework; name = InfinitePageScroll.framework; path = "../InfinitePageScroll/build/Debug-iphoneos/InfinitePageScroll.framework"; sourceTree = "<group>"; };
		F3BAD4B61D88000F000E62FC /* InfinitePageScroll.framework */ = {isa = PBXFileReference; explicitFileType = wrapper.framework; name = InfinitePageScroll.framework; path = "/Users/extremer/Library/Developer/Xcode/DerivedData/InfinitePageScroll-aoblsxjbbqlnxkeankmnmmxidnph/Build/Products/Debug-iphoneos/InfinitePageScroll.framework"; sourceTree = "<absolute>"; };
/* End PBXFileReference section */

/* Begin PBXFrameworksBuildPhase section */
		F3BAD43D1D87A994000E62FC /* Frameworks */ = {
			isa = PBXFrameworksBuildPhase;
			buildActionMask = 2147483647;
			files = (
				F3BAD4BD1D880032000E62FC /* InfinitePageScroll.framework in Frameworks */,
			);
			runOnlyForDeploymentPostprocessing = 0;
		};
/* End PBXFrameworksBuildPhase section */

/* Begin PBXGroup section */
		F3BAD4371D87A994000E62FC = {
			isa = PBXGroup;
			children = (
				F3BAD4B61D88000F000E62FC /* InfinitePageScroll.framework */,
				F3BAD4811D87BECD000E62FC /* InfinitePageScroll.framework */,
				F3BAD4421D87A994000E62FC /* InfinitePageScrollExample */,
				F3BAD4411D87A994000E62FC /* Products */,
			);
			sourceTree = "<group>";
		};
		F3BAD4411D87A994000E62FC /* Products */ = {
			isa = PBXGroup;
			children = (
				F3BAD4401D87A994000E62FC /* InfinitePageScrollExample.app */,
			);
			name = Products;
			sourceTree = "<group>";
		};
		F3BAD4421D87A994000E62FC /* InfinitePageScrollExample */ = {
			isa = PBXGroup;
			children = (
				F3BAD4431D87A994000E62FC /* AppDelegate.swift */,
				F3BAD4451D87A994000E62FC /* ViewController.swift */,
				F3BAD4471D87A994000E62FC /* Main.storyboard */,
				F3BAD44A1D87A994000E62FC /* Assets.xcassets */,
				F3BAD44C1D87A994000E62FC /* LaunchScreen.storyboard */,
				F3BAD44F1D87A994000E62FC /* Info.plist */,
			);
			path = InfinitePageScrollExample;
			sourceTree = "<group>";
		};
/* End PBXGroup section */

/* Begin PBXNativeTarget section */
		F3BAD43F1D87A994000E62FC /* InfinitePageScrollExample */ = {
			isa = PBXNativeTarget;
			buildConfigurationList = F3BAD4521D87A994000E62FC /* Build configuration list for PBXNativeTarget "InfinitePageScrollExample" */;
			buildPhases = (
				F3BAD43C1D87A994000E62FC /* Sources */,
				F3BAD43D1D87A994000E62FC /* Frameworks */,
				F3BAD43E1D87A994000E62FC /* Resources */,
				F3BAD4BC1D88001A000E62FC /* Embed Frameworks */,
			);
			buildRules = (
			);
			dependencies = (
			);
			name = InfinitePageScrollExample;
			productName = InfinitePageScrollExample;
			productReference = F3BAD4401D87A994000E62FC /* InfinitePageScrollExample.app */;
			productType = "com.apple.product-type.application";
		};
/* End PBXNativeTarget section */

/* Begin PBXProject section */
		F3BAD4381D87A994000E62FC /* Project object */ = {
			isa = PBXProject;
			attributes = {
				LastSwiftUpdateCheck = 0730;
				LastUpgradeCheck = 0730;
				ORGANIZATIONNAME = extremer;
				TargetAttributes = {
					F3BAD43F1D87A994000E62FC = {
						CreatedOnToolsVersion = 7.3.1;
					};
				};
			};
			buildConfigurationList = F3BAD43B1D87A994000E62FC /* Build configuration list for PBXProject "InfinitePageScrollExample" */;
			compatibilityVersion = "Xcode 3.2";
			developmentRegion = English;
			hasScannedForEncodings = 0;
			knownRegions = (
				en,
				Base,
			);
			mainGroup = F3BAD4371D87A994000E62FC;
			productRefGroup = F3BAD4411D87A994000E62FC /* Products */;
			projectDirPath = "";
			projectRoot = "";
			targets = (
				F3BAD43F1D87A994000E62FC /* InfinitePageScrollExample */,
			);
		};
/* End PBXProject section */

/* Begin PBXResourcesBuildPhase section */
		F3BAD43E1D87A994000E62FC /* Resources */ = {
			isa = PBXResourcesBuildPhase;
			buildActionMask = 2147483647;
			files = (
				F3BAD44E1D87A994000E62FC /* LaunchScreen.storyboard in Resources */,
				F3BAD44B1D87A994000E62FC /* Assets.xcassets in Resources */,
				F3BAD4491D87A994000E62FC /* Main.storyboard in Resources */,
			);
			runOnlyForDeploymentPostprocessing = 0;
		};
/* End PBXResourcesBuildPhase section */

/* Begin PBXSourcesBuildPhase section */
		F3BAD43C1D87A994000E62FC /* Sources */ = {
			isa = PBXSourcesBuildPhase;
			buildActionMask = 2147483647;
			files = (
				F3BAD4461D87A994000E62FC /* ViewController.swift in Sources */,
				F3BAD4441D87A994000E62FC /* AppDelegate.swift in Sources */,
			);
			runOnlyForDeploymentPostprocessing = 0;
		};
/* End PBXSourcesBuildPhase section */

/* Begin PBXVariantGroup section */
		F3BAD4471D87A994000E62FC /* Main.storyboard */ = {
			isa = PBXVariantGroup;
			children = (
				F3BAD4481D87A994000E62FC /* Base */,
			);
			name = Main.storyboard;
			sourceTree = "<group>";
		};
		F3BAD44C1D87A994000E62FC /* LaunchScreen.storyboard */ = {
			isa = PBXVariantGroup;
			children = (
				F3BAD44D1D87A994000E62FC /* Base */,
			);
			name = LaunchScreen.storyboard;
			sourceTree = "<group>";
		};
/* End PBXVariantGroup section */

/* Begin XCBuildConfiguration section */
		F3BAD4501D87A994000E62FC /* Debug */ = {
			isa = XCBuildConfiguration;
			buildSettings = {
				ALWAYS_SEARCH_USER_PATHS = NO;
				CLANG_ANALYZER_NONNULL = YES;
				CLANG_CXX_LANGUAGE_STANDARD = "gnu++0x";
				CLANG_CXX_LIBRARY = "libc++";
				CLANG_ENABLE_MODULES = YES;
				CLANG_ENABLE_OBJC_ARC = YES;
				CLANG_WARN_BOOL_CONVERSION = YES;
				CLANG_WARN_CONSTANT_CONVERSION = YES;
				CLANG_WARN_DIRECT_OBJC_ISA_USAGE = YES_ERROR;
				CLANG_WARN_EMPTY_BODY = YES;
				CLANG_WARN_ENUM_CONVERSION = YES;
				CLANG_WARN_INT_CONVERSION = YES;
				CLANG_WARN_OBJC_ROOT_CLASS = YES_ERROR;
				CLANG_WARN_UNREACHABLE_CODE = YES;
				CLANG_WARN__DUPLICATE_METHOD_MATCH = YES;
				"CODE_SIGN_IDENTITY[sdk=iphoneos*]" = "iPhone Developer";
				COPY_PHASE_STRIP = NO;
				DEBUG_INFORMATION_FORMAT = dwarf;
				ENABLE_STRICT_OBJC_MSGSEND = YES;
				ENABLE_TESTABILITY = YES;
				GCC_C_LANGUAGE_STANDARD = gnu99;
				GCC_DYNAMIC_NO_PIC = NO;
				GCC_NO_COMMON_BLOCKS = YES;
				GCC_OPTIMIZATION_LEVEL = 0;
				GCC_PREPROCESSOR_DEFINITIONS = (
					"DEBUG=1",
					"$(inherited)",
				);
				GCC_WARN_64_TO_32_BIT_CONVERSION = YES;
				GCC_WARN_ABOUT_RETURN_TYPE = YES_ERROR;
				GCC_WARN_UNDECLARED_SELECTOR = YES;
				GCC_WARN_UNINITIALIZED_AUTOS = YES_AGGRESSIVE;
				GCC_WARN_UNUSED_FUNCTION = YES;
				GCC_WARN_UNUSED_VARIABLE = YES;
				IPHONEOS_DEPLOYMENT_TARGET = 9.3;
				MTL_ENABLE_DEBUG_INFO = YES;
				ONLY_ACTIVE_ARCH = YES;
				SDKROOT = iphoneos;
				SWIFT_OPTIMIZATION_LEVEL = "-Onone";
				TARGETED_DEVICE_FAMILY = "1,2";
			};
			name = Debug;
		};
		F3BAD4511D87A994000E62FC /* Release */ = {
			isa = XCBuildConfiguration;
			buildSettings = {
				ALWAYS_SEARCH_USER_PATHS = NO;
				CLANG_ANALYZER_NONNULL = YES;
				CLANG_CXX_LANGUAGE_STANDARD = "gnu++0x";
				CLANG_CXX_LIBRARY = "libc++";
				CLANG_ENABLE_MODULES = YES;
				CLANG_ENABLE_OBJC_ARC = YES;
				CLANG_WARN_BOOL_CONVERSION = YES;
				CLANG_WARN_CONSTANT_CONVERSION = YES;
				CLANG_WARN_DIRECT_OBJC_ISA_USAGE = YES_ERROR;
				CLANG_WARN_EMPTY_BODY = YES;
				CLANG_WARN_ENUM_CONVERSION = YES;
				CLANG_WARN_INT_CONVERSION = YES;
				CLANG_WARN_OBJC_ROOT_CLASS = YES_ERROR;
				CLANG_WARN_UNREACHABLE_CODE = YES;
				CLANG_WARN__DUPLICATE_METHOD_MATCH = YES;
				"CODE_SIGN_IDENTITY[sdk=iphoneos*]" = "iPhone Developer";
				COPY_PHASE_STRIP = NO;
				DEBUG_INFORMATION_FORMAT = "dwarf-with-dsym";
				ENABLE_NS_ASSERTIONS = NO;
				ENABLE_STRICT_OBJC_MSGSEND = YES;
				GCC_C_LANGUAGE_STANDARD = gnu99;
				GCC_NO_COMMON_BLOCKS = YES;
				GCC_WARN_64_TO_32_BIT_CONVERSION = YES;
				GCC_WARN_ABOUT_RETURN_TYPE = YES_ERROR;
				GCC_WARN_UNDECLARED_SELECTOR = YES;
				GCC_WARN_UNINITIALIZED_AUTOS = YES_AGGRESSIVE;
				GCC_WARN_UNUSED_FUNCTION = YES;
				GCC_WARN_UNUSED_VARIABLE = YES;
				IPHONEOS_DEPLOYMENT_TARGET = 9.3;
				MTL_ENABLE_DEBUG_INFO = NO;
				SDKROOT = iphoneos;
				TARGETED_DEVICE_FAMILY = "1,2";
				VALIDATE_PRODUCT = YES;
			};
			name = Release;
		};
		F3BAD4531D87A994000E62FC /* Debug */ = {
			isa = XCBuildConfiguration;
			buildSettings = {
				ASSETCATALOG_COMPILER_APPICON_NAME = AppIcon;
				INFOPLIST_FILE = InfinitePageScrollExample/Info.plist;
				LD_RUNPATH_SEARCH_PATHS = "$(inherited) @executable_path/Frameworks";
				PRODUCT_BUNDLE_IDENTIFIER = com.extremer.InfinitePageScrollExample;
				PRODUCT_NAME = "$(TARGET_NAME)";
			};
			name = Debug;
		};
		F3BAD4541D87A994000E62FC /* Release */ = {
			isa = XCBuildConfiguration;
			buildSettings = {
				ASSETCATALOG_COMPILER_APPICON_NAME = AppIcon;
				INFOPLIST_FILE = InfinitePageScrollExample/Info.plist;
				LD_RUNPATH_SEARCH_PATHS = "$(inherited) @executable_path/Frameworks";
				PRODUCT_BUNDLE_IDENTIFIER = com.extremer.InfinitePageScrollExample;
				PRODUCT_NAME = "$(TARGET_NAME)";
			};
			name = Release;
		};
/* End XCBuildConfiguration section */

/* Begin XCConfigurationList section */
		F3BAD43B1D87A994000E62FC /* Build configuration list for PBXProject "InfinitePageScrollExample" */ = {
			isa = XCConfigurationList;
			buildConfigurations = (
				F3BAD4501D87A994000E62FC /* Debug */,
				F3BAD4511D87A994000E62FC /* Release */,
			);
			defaultConfigurationIsVisible = 0;
			defaultConfigurationName = Release;
		};
		F3BAD4521D87A994000E62FC /* Build configuration list for PBXNativeTarget "InfinitePageScrollExample" */ = {
			isa = XCConfigurationList;
			buildConfigurations = (
				F3BAD4531D87A994000E62FC /* Debug */,
				F3BAD4541D87A994000E62FC /* Release */,
			);
			defaultConfigurationIsVisible = 0;
			defaultConfigurationName = Release;
		};
/* End XCConfigurationList section */
	};
	rootObject = F3BAD4381D87A994000E62FC /* Project object */;
}
